github.com/davecgh/go-spew v1.1.1 h1:vj9j/u1bqnvCEfJOwUhtlOARqs3+rkHYY13jYWTU97c=
github.com/jaracil/ei v0.0.0-20170808175009-4f519a480ebd h1:4MeyWzia2q0jIePfPv281gT5+xX7s2Fdf7fgebwfXbQ=
github.com/jaracil/ei v0.0.0-20170808175009-4f519a480ebd/go.mod h1:vY3hztyrLc9fGs8e9rvAhkYsSPhdryJUDlwnVDpYIfI=
github.com/klauspost/compress v1.16.7 h1:2mk3MPGNzKyxErAw8YaohYh69+pa4sIQSC0fPGCFR9I=
github.com/klauspost/compress v1.16.7/go.mod h1:ntbaceVETuRiXiv4DpjP66DpAtAGkEQskQzEyD//IeE=
github.com/nayarsystems/bstates v0.9.6-0.20260203131733-44663d33c991 h1:W4VY1AyMtlDn4m9oH16i5xF6Jp1FgOYcJDkukQIFBbU=
github.com/nayarsystems/bstates v0.9.6-0.20260203131733-44663d33c991/go.mod h1:QCAUU+VsOBIDEoki7H62JDB8h+CJqZS2MA9rRWvspaM=
github.com/nayarsystems/buffer v0.1.1 h1:ioRQ9aza2bEvPnSJKNjPcjXHhvjtDJEPOqHZQ58vtI0=
github.com/nayarsystems/buffer v0.1.1/go.mod h1:O/MPQ7Ls2Feb/78IQ1qEdPYeUXX76I0YMfghSAUcprI=
github.com/pmezard/go-difflib v1.0.0 h1:4DBwDE0NGyQoBHbLQYPwSUPoCMWR5BEzIk/f1lZbAQM=
github.com/stretchr/testify v1.8.2 h1:+h33VjcLVPDHtOdpUCuF+7gSuG3yGIftsP1YvFihtJ8=
gopkg.in/yaml.v3 v3.0.1 h1:fxVm/GzAzEWqLHuvctI91KS9hhNmmWOoWu0XTYJS7CA=
